
Microsoft Visual Studio Solution File, Format Version 12.00
# Visual Studio Version 17
VisualStudioVersion = 17.4.33103.184
MinimumVisualStudioVersion = 10.0.40219.1
Project("{9A19103F-16F7-4668-BE54-9A1E7A4F7556}") = "BackEndTask", "BackEndTask.csproj", "{2848B4BD-C93F-42BF-B5F2-8F4DB63211F9}"
EndProject
Global
	GlobalSection(SolutionConfigurationPlatforms) = preSolution
		Debug|Any CPU = Debug|Any CPU
		Release|Any CPU = Release|Any CPU
	EndGlobalSection
	GlobalSection(ProjectConfigurationPlatforms) = postSolution
		{2848B4BD-C93F-42BF-B5F2-8F4DB63211F9}.Debug|Any CPU.ActiveCfg = Debug|Any CPU
		{2848B4BD-C93F-42BF-B5F2-8F4DB63211F9}.Debug|Any CPU.Build.0 = Debug|Any CPU
		{2848B4BD-C93F-42BF-B5F2-8F4DB63211F9}.Release|Any CPU.ActiveCfg = Release|Any CPU
		{2848B4BD-C93F-42BF-B5F2-8F4DB63211F9}.Release|Any CPU.Build.0 = Release|Any CPU
	EndGlobalSection
	GlobalSection(SolutionProperties) = preSolution
		HideSolutionNode = FALSE
	EndGlobalSection
	GlobalSection(ExtensibilityGlobals) = postSolution
		SolutionGuid = {1EF7A769-D313-4DE3-ADD2-692D97F02CC5}
	EndGlobalSection
EndGlobal
